// !$*UTF8*$!
{
	archiveVersion = 1;
	classes = {
	};
	objectVersion = 56;
	objects = {

/* Begin PBXBuildFile section */
		6611C9822AEBEBEB007DC3C1 /* String.swift in Sources */ = {isa = PBXBuildFile; fileRef = 6611C9812AEBEBEB007DC3C1 /* String.swift */; };
		6611C9842AEBEECC007DC3C1 /* MoviesListItemCell.swift in Sources */ = {isa = PBXBuildFile; fileRef = 6611C9832AEBEECC007DC3C1 /* MoviesListItemCell.swift */; };
		6611C9862AEBF109007DC3C1 /* XIBLocalizable.swift in Sources */ = {isa = PBXBuildFile; fileRef = 6611C9852AEBF109007DC3C1 /* XIBLocalizable.swift */; };
		6611C9912AEBF437007DC3C1 /* MoviesListViewController.storyboard in Resources */ = {isa = PBXBuildFile; fileRef = 6611C9922AEBF437007DC3C1 /* MoviesListViewController.storyboard */; };
		6655065F2AE65DA300C2D082 /* MoviesRepository.swift in Sources */ = {isa = PBXBuildFile; fileRef = 6655065E2AE65DA300C2D082 /* MoviesRepository.swift */; };
		665506612AE65DBD00C2D082 /* MoviesQueriesRepository.swift in Sources */ = {isa = PBXBuildFile; fileRef = 665506602AE65DBD00C2D082 /* MoviesQueriesRepository.swift */; };
		665506862AEA04DE00C2D082 /* UseCase.swift in Sources */ = {isa = PBXBuildFile; fileRef = 665506852AEA04DE00C2D082 /* UseCase.swift */; };
		6655068C2AEA0B0900C2D082 /* MoviesListViewController.swift in Sources */ = {isa = PBXBuildFile; fileRef = 6655068B2AEA0B0900C2D082 /* MoviesListViewController.swift */; };
		6655068E2AEA0BAD00C2D082 /* MoviesListViewModel.swift in Sources */ = {isa = PBXBuildFile; fileRef = 6655068D2AEA0BAD00C2D082 /* MoviesListViewModel.swift */; };
		665506932AEA396A00C2D082 /* ModelListItemViewModel.swift in Sources */ = {isa = PBXBuildFile; fileRef = 665506922AEA396A00C2D082 /* ModelListItemViewModel.swift */; };
		665506982AEA427800C2D082 /* AppFlowCoordinator.swift in Sources */ = {isa = PBXBuildFile; fileRef = 665506972AEA427800C2D082 /* AppFlowCoordinator.swift */; };
		6655069B2AEA42C700C2D082 /* AppDIContainer.swift in Sources */ = {isa = PBXBuildFile; fileRef = 6655069A2AEA42C700C2D082 /* AppDIContainer.swift */; };
		6655069D2AEA42F600C2D082 /* AppConfiguration.swift in Sources */ = {isa = PBXBuildFile; fileRef = 6655069C2AEA42F600C2D082 /* AppConfiguration.swift */; };
		665506A12AEA455700C2D082 /* DataTransferService.swift in Sources */ = {isa = PBXBuildFile; fileRef = 665506A02AEA455700C2D082 /* DataTransferService.swift */; };
		665506A32AEA460600C2D082 /* NetworkService.swift in Sources */ = {isa = PBXBuildFile; fileRef = 665506A22AEA460600C2D082 /* NetworkService.swift */; };
		665506A62AEA476200C2D082 /* Localizable.xcstrings in Resources */ = {isa = PBXBuildFile; fileRef = 665506A52AEA476200C2D082 /* Localizable.xcstrings */; };
		665506A82AEA4E8900C2D082 /* MoviesSearchFlowCoordinator.swift in Sources */ = {isa = PBXBuildFile; fileRef = 665506A72AEA4E8900C2D082 /* MoviesSearchFlowCoordinator.swift */; };
		665506AC2AEA524200C2D082 /* MoviesListTableViewController.swift in Sources */ = {isa = PBXBuildFile; fileRef = 665506AB2AEA524200C2D082 /* MoviesListTableViewController.swift */; };
		665506AE2AEA53B800C2D082 /* MoviesSceneDIContainer.swift in Sources */ = {isa = PBXBuildFile; fileRef = 665506AD2AEA53B800C2D082 /* MoviesSceneDIContainer.swift */; };
		665506B22AEA550300C2D082 /* StoryboardInstantiable.swift in Sources */ = {isa = PBXBuildFile; fileRef = 665506B12AEA550300C2D082 /* StoryboardInstantiable.swift */; };
		669DABC92AE6574C00EAEBFD /* AppDelegate.swift in Sources */ = {isa = PBXBuildFile; fileRef = 669DABC82AE6574C00EAEBFD /* AppDelegate.swift */; };
		669DABD22AE6574D00EAEBFD /* Assets.xcassets in Resources */ = {isa = PBXBuildFile; fileRef = 669DABD12AE6574D00EAEBFD /* Assets.xcassets */; };
		669DABD52AE6574D00EAEBFD /* LaunchScreen.storyboard in Resources */ = {isa = PBXBuildFile; fileRef = 669DABD32AE6574D00EAEBFD /* LaunchScreen.storyboard */; };
		669DABE02AE6574D00EAEBFD /* MoviesTests.swift in Sources */ = {isa = PBXBuildFile; fileRef = 669DABDF2AE6574D00EAEBFD /* MoviesTests.swift */; };
		669DABEA2AE6574D00EAEBFD /* MoviesUITests.swift in Sources */ = {isa = PBXBuildFile; fileRef = 669DABE92AE6574D00EAEBFD /* MoviesUITests.swift */; };
		669DABEC2AE6574D00EAEBFD /* MoviesUITestsLaunchTests.swift in Sources */ = {isa = PBXBuildFile; fileRef = 669DABEB2AE6574D00EAEBFD /* MoviesUITestsLaunchTests.swift */; };
		669DABFB2AE6577900EAEBFD /* SearchMoviesUseCase.swift in Sources */ = {isa = PBXBuildFile; fileRef = 669DABFA2AE6577900EAEBFD /* SearchMoviesUseCase.swift */; };
		669DABFE2AE6584700EAEBFD /* Movie.swift in Sources */ = {isa = PBXBuildFile; fileRef = 669DABFD2AE6584700EAEBFD /* Movie.swift */; };
		669DAC002AE658F200EAEBFD /* MovieQuery.swift in Sources */ = {isa = PBXBuildFile; fileRef = 669DABFF2AE658F200EAEBFD /* MovieQuery.swift */; };
/* End PBXBuildFile section */

/* Begin PBXContainerItemProxy section */
		669DABDC2AE6574D00EAEBFD /* PBXContainerItemProxy */ = {
			isa = PBXContainerItemProxy;
			containerPortal = 669DABBD2AE6574C00EAEBFD /* Project object */;
			proxyType = 1;
			remoteGlobalIDString = 669DABC42AE6574C00EAEBFD;
			remoteInfo = Movies;
		};
		669DABE62AE6574D00EAEBFD /* PBXContainerItemProxy */ = {
			isa = PBXContainerItemProxy;
			containerPortal = 669DABBD2AE6574C00EAEBFD /* Project object */;
			proxyType = 1;
			remoteGlobalIDString = 669DABC42AE6574C00EAEBFD;
			remoteInfo = Movies;
		};
/* End PBXContainerItemProxy section */

/* Begin PBXFileReference section */
		6611C9812AEBEBEB007DC3C1 /* String.swift */ = {isa = PBXFileReference; lastKnownFileType = sourcecode.swift; path = String.swift; sourceTree = "<group>"; };
		6611C9832AEBEECC007DC3C1 /* MoviesListItemCell.swift */ = {isa = PBXFileReference; lastKnownFileType = sourcecode.swift; path = MoviesListItemCell.swift; sourceTree = "<group>"; };
		6611C9852AEBF109007DC3C1 /* XIBLocalizable.swift */ = {isa = PBXFileReference; lastKnownFileType = sourcecode.swift; path = XIBLocalizable.swift; sourceTree = "<group>"; };
		6611C9922AEBF437007DC3C1 /* MoviesListViewController.storyboard */ = {isa = PBXFileReference; lastKnownFileType = file.storyboard; path = MoviesListViewController.storyboard; sourceTree = "<group>"; };
		6655065E2AE65DA300C2D082 /* MoviesRepository.swift */ = {isa = PBXFileReference; lastKnownFileType = sourcecode.swift; path = MoviesRepository.swift; sourceTree = "<group>"; };
		665506602AE65DBD00C2D082 /* MoviesQueriesRepository.swift */ = {isa = PBXFileReference; lastKnownFileType = sourcecode.swift; path = MoviesQueriesRepository.swift; sourceTree = "<group>"; };
		665506852AEA04DE00C2D082 /* UseCase.swift */ = {isa = PBXFileReference; lastKnownFileType = sourcecode.swift; path = UseCase.swift; sourceTree = "<group>"; };
		6655068B2AEA0B0900C2D082 /* MoviesListViewController.swift */ = {isa = PBXFileReference; lastKnownFileType = sourcecode.swift; path = MoviesListViewController.swift; sourceTree = "<group>"; };
		6655068D2AEA0BAD00C2D082 /* MoviesListViewModel.swift */ = {isa = PBXFileReference; lastKnownFileType = sourcecode.swift; path = MoviesListViewModel.swift; sourceTree = "<group>"; };
		665506922AEA396A00C2D082 /* ModelListItemViewModel.swift */ = {isa = PBXFileReference; lastKnownFileType = sourcecode.swift; path = ModelListItemViewModel.swift; sourceTree = "<group>"; };
		665506972AEA427800C2D082 /* AppFlowCoordinator.swift */ = {isa = PBXFileReference; lastKnownFileType = sourcecode.swift; path = AppFlowCoordinator.swift; sourceTree = "<group>"; };
		6655069A2AEA42C700C2D082 /* AppDIContainer.swift */ = {isa = PBXFileReference; lastKnownFileType = sourcecode.swift; path = AppDIContainer.swift; sourceTree = "<group>"; };
		6655069C2AEA42F600C2D082 /* AppConfiguration.swift */ = {isa = PBXFileReference; lastKnownFileType = sourcecode.swift; path = AppConfiguration.swift; sourceTree = "<group>"; };
		665506A02AEA455700C2D082 /* DataTransferService.swift */ = {isa = PBXFileReference; lastKnownFileType = sourcecode.swift; path = DataTransferService.swift; sourceTree = "<group>"; };
		665506A22AEA460600C2D082 /* NetworkService.swift */ = {isa = PBXFileReference; lastKnownFileType = sourcecode.swift; path = NetworkService.swift; sourceTree = "<group>"; };
		665506A52AEA476200C2D082 /* Localizable.xcstrings */ = {isa = PBXFileReference; lastKnownFileType = text.json.xcstrings; path = Localizable.xcstrings; sourceTree = "<group>"; };
		665506A72AEA4E8900C2D082 /* MoviesSearchFlowCoordinator.swift */ = {isa = PBXFileReference; lastKnownFileType = sourcecode.swift; path = MoviesSearchFlowCoordinator.swift; sourceTree = "<group>"; };
		665506AB2AEA524200C2D082 /* MoviesListTableViewController.swift */ = {isa = PBXFileReference; lastKnownFileType = sourcecode.swift; path = MoviesListTableViewController.swift; sourceTree = "<group>"; };
		665506AD2AEA53B800C2D082 /* MoviesSceneDIContainer.swift */ = {isa = PBXFileReference; lastKnownFileType = sourcecode.swift; path = MoviesSceneDIContainer.swift; sourceTree = "<group>"; };
		665506B12AEA550300C2D082 /* StoryboardInstantiable.swift */ = {isa = PBXFileReference; lastKnownFileType = sourcecode.swift; path = StoryboardInstantiable.swift; sourceTree = "<group>"; };
		669DABC52AE6574C00EAEBFD /* Movies.app */ = {isa = PBXFileReference; explicitFileType = wrapper.application; includeInIndex = 0; path = Movies.app; sourceTree = BUILT_PRODUCTS_DIR; };
		669DABC82AE6574C00EAEBFD /* AppDelegate.swift */ = {isa = PBXFileReference; lastKnownFileType = sourcecode.swift; path = AppDelegate.swift; sourceTree = "<group>"; };
		669DABD12AE6574D00EAEBFD /* Assets.xcassets */ = {isa = PBXFileReference; lastKnownFileType = folder.assetcatalog; path = Assets.xcassets; sourceTree = "<group>"; };
		669DABD42AE6574D00EAEBFD /* Base */ = {isa = PBXFileReference; lastKnownFileType = file.storyboard; name = Base; path = Base.lproj/LaunchScreen.storyboard; sourceTree = "<group>"; };
		669DABD62AE6574D00EAEBFD /* Info.plist */ = {isa = PBXFileReference; lastKnownFileType = text.plist.xml; path = Info.plist; sourceTree = "<group>"; };
		669DABDB2AE6574D00EAEBFD /* MoviesTests.xctest */ = {isa = PBXFileReference; explicitFileType = wrapper.cfbundle; includeInIndex = 0; path = MoviesTests.xctest; sourceTree = BUILT_PRODUCTS_DIR; };
		669DABDF2AE6574D00EAEBFD /* MoviesTests.swift */ = {isa = PBXFileReference; lastKnownFileType = sourcecode.swift; path = MoviesTests.swift; sourceTree = "<group>"; };
		669DABE52AE6574D00EAEBFD /* MoviesUITests.xctest */ = {isa = PBXFileReference; explicitFileType = wrapper.cfbundle; includeInIndex = 0; path = MoviesUITests.xctest; sourceTree = BUILT_PRODUCTS_DIR; };
		669DABE92AE6574D00EAEBFD /* MoviesUITests.swift */ = {isa = PBXFileReference; lastKnownFileType = sourcecode.swift; path = MoviesUITests.swift; sourceTree = "<group>"; };
		669DABEB2AE6574D00EAEBFD /* MoviesUITestsLaunchTests.swift */ = {isa = PBXFileReference; lastKnownFileType = sourcecode.swift; path = MoviesUITestsLaunchTests.swift; sourceTree = "<group>"; };
		669DABFA2AE6577900EAEBFD /* SearchMoviesUseCase.swift */ = {isa = PBXFileReference; lastKnownFileType = sourcecode.swift; path = SearchMoviesUseCase.swift; sourceTree = "<group>"; };
		669DABFD2AE6584700EAEBFD /* Movie.swift */ = {isa = PBXFileReference; lastKnownFileType = sourcecode.swift; path = Movie.swift; sourceTree = "<group>"; };
		669DABFF2AE658F200EAEBFD /* MovieQuery.swift */ = {isa = PBXFileReference; lastKnownFileType = sourcecode.swift; path = MovieQuery.swift; sourceTree = "<group>"; };
/* End PBXFileReference section */

/* Begin PBXFrameworksBuildPhase section */
		669DABC22AE6574C00EAEBFD /* Frameworks */ = {
			isa = PBXFrameworksBuildPhase;
			buildActionMask = 2147483647;
			files = (
			);
			runOnlyForDeploymentPostprocessing = 0;
		};
		669DABD82AE6574D00EAEBFD /* Frameworks */ = {
			isa = PBXFrameworksBuildPhase;
			buildActionMask = 2147483647;
			files = (
			);
			runOnlyForDeploymentPostprocessing = 0;
		};
		669DABE22AE6574D00EAEBFD /* Frameworks */ = {
			isa = PBXFrameworksBuildPhase;
			buildActionMask = 2147483647;
			files = (
			);
			runOnlyForDeploymentPostprocessing = 0;
		};
/* End PBXFrameworksBuildPhase section */

/* Begin PBXGroup section */
		6655065D2AE65D8F00C2D082 /* Repositories */ = {
			isa = PBXGroup;
			children = (
				6655065E2AE65DA300C2D082 /* MoviesRepository.swift */,
				665506602AE65DBD00C2D082 /* MoviesQueriesRepository.swift */,
			);
			path = Repositories;
			sourceTree = "<group>";
		};
		6655067B2AEA025A00C2D082 /* Presentation */ = {
			isa = PBXGroup;
			children = (
				6655067D2AEA027D00C2D082 /* MoviesScene */,
			);
			path = Presentation;
			sourceTree = "<group>";
		};
		6655067C2AEA026C00C2D082 /* Data */ = {
			isa = PBXGroup;
			children = (
				665506802AEA02CA00C2D082 /* Repositories */,
				665506812AEA02DA00C2D082 /* Network */,
				665506832AEA02FF00C2D082 /* PersistentStorages */,
			);
			path = Data;
			sourceTree = "<group>";
		};
		6655067D2AEA027D00C2D082 /* MoviesScene */ = {
			isa = PBXGroup;
			children = (
				665506872AEA0AB600C2D082 /* Flows */,
				665506882AEA0AC500C2D082 /* MovieList */,
				6655067E2AEA028900C2D082 /* MovieDetatils */,
				6655067F2AEA029600C2D082 /* MoviesQueriesList */,
			);
			path = MoviesScene;
			sourceTree = "<group>";
		};
		6655067E2AEA028900C2D082 /* MovieDetatils */ = {
			isa = PBXGroup;
			children = (
			);
			path = MovieDetatils;
			sourceTree = "<group>";
		};
		6655067F2AEA029600C2D082 /* MoviesQueriesList */ = {
			isa = PBXGroup;
			children = (
			);
			path = MoviesQueriesList;
			sourceTree = "<group>";
		};
		665506802AEA02CA00C2D082 /* Repositories */ = {
			isa = PBXGroup;
			children = (
			);
			path = Repositories;
			sourceTree = "<group>";
		};
		665506812AEA02DA00C2D082 /* Network */ = {
			isa = PBXGroup;
			children = (
			);
			path = Network;
			sourceTree = "<group>";
		};
		665506832AEA02FF00C2D082 /* PersistentStorages */ = {
			isa = PBXGroup;
			children = (
			);
			path = PersistentStorages;
			sourceTree = "<group>";
		};
		665506842AEA04C400C2D082 /* Protocol */ = {
			isa = PBXGroup;
			children = (
				665506852AEA04DE00C2D082 /* UseCase.swift */,
			);
			path = Protocol;
			sourceTree = "<group>";
		};
		665506872AEA0AB600C2D082 /* Flows */ = {
			isa = PBXGroup;
			children = (
				665506A72AEA4E8900C2D082 /* MoviesSearchFlowCoordinator.swift */,
			);
			path = Flows;
			sourceTree = "<group>";
		};
		665506882AEA0AC500C2D082 /* MovieList */ = {
			isa = PBXGroup;
			children = (
				6655068A2AEA0AE300C2D082 /* View */,
				665506892AEA0ADB00C2D082 /* ViewModel */,
			);
			path = MovieList;
			sourceTree = "<group>";
		};
		665506892AEA0ADB00C2D082 /* ViewModel */ = {
			isa = PBXGroup;
			children = (
				6655068D2AEA0BAD00C2D082 /* MoviesListViewModel.swift */,
				665506922AEA396A00C2D082 /* ModelListItemViewModel.swift */,
			);
			path = ViewModel;
			sourceTree = "<group>";
		};
		6655068A2AEA0AE300C2D082 /* View */ = {
			isa = PBXGroup;
			children = (
				6611C9922AEBF437007DC3C1 /* MoviesListViewController.storyboard */,
				6655068B2AEA0B0900C2D082 /* MoviesListViewController.swift */,
				665506A92AEA521200C2D082 /* MoviesLsitTableView */,
			);
			path = View;
			sourceTree = "<group>";
		};
		665506962AEA411D00C2D082 /* Application */ = {
			isa = PBXGroup;
			children = (
				669DABC82AE6574C00EAEBFD /* AppDelegate.swift */,
				665506972AEA427800C2D082 /* AppFlowCoordinator.swift */,
				6655069C2AEA42F600C2D082 /* AppConfiguration.swift */,
				665506992AEA42A700C2D082 /* DIContainer */,
			);
			path = Application;
			sourceTree = "<group>";
		};
		665506992AEA42A700C2D082 /* DIContainer */ = {
			isa = PBXGroup;
			children = (
				6655069A2AEA42C700C2D082 /* AppDIContainer.swift */,
				665506AD2AEA53B800C2D082 /* MoviesSceneDIContainer.swift */,
			);
			path = DIContainer;
			sourceTree = "<group>";
		};
		6655069E2AEA446300C2D082 /* Infrastructure */ = {
			isa = PBXGroup;
			children = (
				6655069F2AEA454100C2D082 /* Network */,
			);
			path = Infrastructure;
			sourceTree = "<group>";
		};
		6655069F2AEA454100C2D082 /* Network */ = {
			isa = PBXGroup;
			children = (
				665506A02AEA455700C2D082 /* DataTransferService.swift */,
				665506A22AEA460600C2D082 /* NetworkService.swift */,
			);
			path = Network;
			sourceTree = "<group>";
		};
		665506A42AEA46C900C2D082 /* Resources */ = {
			isa = PBXGroup;
			children = (
				669DABD32AE6574D00EAEBFD /* LaunchScreen.storyboard */,
				669DABD62AE6574D00EAEBFD /* Info.plist */,
				669DABD12AE6574D00EAEBFD /* Assets.xcassets */,
				665506A52AEA476200C2D082 /* Localizable.xcstrings */,
			);
			path = Resources;
			sourceTree = "<group>";
		};
		665506A92AEA521200C2D082 /* MoviesLsitTableView */ = {
			isa = PBXGroup;
			children = (
				665506AB2AEA524200C2D082 /* MoviesListTableViewController.swift */,
				665506AA2AEA522800C2D082 /* Cells */,
			);
			path = MoviesLsitTableView;
			sourceTree = "<group>";
		};
		665506AA2AEA522800C2D082 /* Cells */ = {
			isa = PBXGroup;
			children = (
				6611C9832AEBEECC007DC3C1 /* MoviesListItemCell.swift */,
			);
			path = Cells;
			sourceTree = "<group>";
		};
		665506AF2AEA54D500C2D082 /* Utils */ = {
			isa = PBXGroup;
			children = (
				6611C9812AEBEBEB007DC3C1 /* String.swift */,
				6611C9852AEBF109007DC3C1 /* XIBLocalizable.swift */,
				665506B02AEA54F300C2D082 /* Protocols */,
			);
			path = Utils;
			sourceTree = "<group>";
		};
		665506B02AEA54F300C2D082 /* Protocols */ = {
			isa = PBXGroup;
			children = (
				665506B12AEA550300C2D082 /* StoryboardInstantiable.swift */,
			);
			path = Protocols;
			sourceTree = "<group>";
		};
		669DABBC2AE6574C00EAEBFD = {
			isa = PBXGroup;
			children = (
				669DABC72AE6574C00EAEBFD /* Movies */,
				669DABDE2AE6574D00EAEBFD /* MoviesTests */,
				669DABE82AE6574D00EAEBFD /* MoviesUITests */,
				669DABC62AE6574C00EAEBFD /* Products */,
			);
			sourceTree = "<group>";
		};
		669DABC62AE6574C00EAEBFD /* Products */ = {
			isa = PBXGroup;
			children = (
				669DABC52AE6574C00EAEBFD /* Movies.app */,
				669DABDB2AE6574D00EAEBFD /* MoviesTests.xctest */,
				669DABE52AE6574D00EAEBFD /* MoviesUITests.xctest */,
			);
			name = Products;
			sourceTree = "<group>";
		};
		669DABC72AE6574C00EAEBFD /* Movies */ = {
			isa = PBXGroup;
			children = (
				665506962AEA411D00C2D082 /* Application */,
				6655067C2AEA026C00C2D082 /* Data */,
				6655067B2AEA025A00C2D082 /* Presentation */,
				669DABF82AE6575600EAEBFD /* Domain */,
				6655069E2AEA446300C2D082 /* Infrastructure */,
				665506AF2AEA54D500C2D082 /* Utils */,
				665506A42AEA46C900C2D082 /* Resources */,
			);
			path = Movies;
			sourceTree = "<group>";
		};
		669DABDE2AE6574D00EAEBFD /* MoviesTests */ = {
			isa = PBXGroup;
			children = (
				669DABDF2AE6574D00EAEBFD /* MoviesTests.swift */,
			);
			path = MoviesTests;
			sourceTree = "<group>";
		};
		669DABE82AE6574D00EAEBFD /* MoviesUITests */ = {
			isa = PBXGroup;
			children = (
				669DABE92AE6574D00EAEBFD /* MoviesUITests.swift */,
				669DABEB2AE6574D00EAEBFD /* MoviesUITestsLaunchTests.swift */,
			);
			path = MoviesUITests;
			sourceTree = "<group>";
		};
		669DABF82AE6575600EAEBFD /* Domain */ = {
			isa = PBXGroup;
			children = (
				669DABFC2AE6583D00EAEBFD /* Entities */,
				669DABF92AE6576000EAEBFD /* UseCases */,
				669DAC012AE659B600EAEBFD /* Interfaces */,
			);
			path = Domain;
			sourceTree = "<group>";
		};
		669DABF92AE6576000EAEBFD /* UseCases */ = {
			isa = PBXGroup;
			children = (
				665506842AEA04C400C2D082 /* Protocol */,
				669DABFA2AE6577900EAEBFD /* SearchMoviesUseCase.swift */,
			);
			path = UseCases;
			sourceTree = "<group>";
		};
		669DABFC2AE6583D00EAEBFD /* Entities */ = {
			isa = PBXGroup;
			children = (
				669DABFD2AE6584700EAEBFD /* Movie.swift */,
				669DABFF2AE658F200EAEBFD /* MovieQuery.swift */,
			);
			path = Entities;
			sourceTree = "<group>";
		};
		669DAC012AE659B600EAEBFD /* Interfaces */ = {
			isa = PBXGroup;
			children = (
				6655065D2AE65D8F00C2D082 /* Repositories */,
			);
			path = Interfaces;
			sourceTree = "<group>";
		};
/* End PBXGroup section */

/* Begin PBXNativeTarget section */
		669DABC42AE6574C00EAEBFD /* Movies */ = {
			isa = PBXNativeTarget;
			buildConfigurationList = 669DABEF2AE6574D00EAEBFD /* Build configuration list for PBXNativeTarget "Movies" */;
			buildPhases = (
				669DABC12AE6574C00EAEBFD /* Sources */,
				669DABC22AE6574C00EAEBFD /* Frameworks */,
				669DABC32AE6574C00EAEBFD /* Resources */,
			);
			buildRules = (
			);
			dependencies = (
			);
			name = Movies;
			productName = Movies;
			productReference = 669DABC52AE6574C00EAEBFD /* Movies.app */;
			productType = "com.apple.product-type.application";
		};
		669DABDA2AE6574D00EAEBFD /* MoviesTests */ = {
			isa = PBXNativeTarget;
			buildConfigurationList = 669DABF22AE6574D00EAEBFD /* Build configuration list for PBXNativeTarget "MoviesTests" */;
			buildPhases = (
				669DABD72AE6574D00EAEBFD /* Sources */,
				669DABD82AE6574D00EAEBFD /* Frameworks */,
				669DABD92AE6574D00EAEBFD /* Resources */,
			);
			buildRules = (
			);
			dependencies = (
				669DABDD2AE6574D00EAEBFD /* PBXTargetDependency */,
			);
			name = MoviesTests;
			productName = MoviesTests;
			productReference = 669DABDB2AE6574D00EAEBFD /* MoviesTests.xctest */;
			productType = "com.apple.product-type.bundle.unit-test";
		};
		669DABE42AE6574D00EAEBFD /* MoviesUITests */ = {
			isa = PBXNativeTarget;
			buildConfigurationList = 669DABF52AE6574D00EAEBFD /* Build configuration list for PBXNativeTarget "MoviesUITests" */;
			buildPhases = (
				669DABE12AE6574D00EAEBFD /* Sources */,
				669DABE22AE6574D00EAEBFD /* Frameworks */,
				669DABE32AE6574D00EAEBFD /* Resources */,
			);
			buildRules = (
			);
			dependencies = (
				669DABE72AE6574D00EAEBFD /* PBXTargetDependency */,
			);
			name = MoviesUITests;
			productName = MoviesUITests;
			productReference = 669DABE52AE6574D00EAEBFD /* MoviesUITests.xctest */;
			productType = "com.apple.product-type.bundle.ui-testing";
		};
/* End PBXNativeTarget section */

/* Begin PBXProject section */
		669DABBD2AE6574C00EAEBFD /* Project object */ = {
			isa = PBXProject;
			attributes = {
				BuildIndependentTargetsInParallel = 1;
				LastSwiftUpdateCheck = 1500;
				LastUpgradeCheck = 1500;
				TargetAttributes = {
					669DABC42AE6574C00EAEBFD = {
						CreatedOnToolsVersion = 15.0;
					};
					669DABDA2AE6574D00EAEBFD = {
						CreatedOnToolsVersion = 15.0;
						TestTargetID = 669DABC42AE6574C00EAEBFD;
					};
					669DABE42AE6574D00EAEBFD = {
						CreatedOnToolsVersion = 15.0;
						TestTargetID = 669DABC42AE6574C00EAEBFD;
					};
				};
			};
			buildConfigurationList = 669DABC02AE6574C00EAEBFD /* Build configuration list for PBXProject "Movies" */;
			compatibilityVersion = "Xcode 14.0";
			developmentRegion = en;
			hasScannedForEncodings = 0;
			knownRegions = (
				en,
				Base,
				ko,
				es,
			);
			mainGroup = 669DABBC2AE6574C00EAEBFD;
			productRefGroup = 669DABC62AE6574C00EAEBFD /* Products */;
			projectDirPath = "";
			projectRoot = "";
			targets = (
				669DABC42AE6574C00EAEBFD /* Movies */,
				669DABDA2AE6574D00EAEBFD /* MoviesTests */,
				669DABE42AE6574D00EAEBFD /* MoviesUITests */,
			);
		};
/* End PBXProject section */

/* Begin PBXResourcesBuildPhase section */
		669DABC32AE6574C00EAEBFD /* Resources */ = {
			isa = PBXResourcesBuildPhase;
			buildActionMask = 2147483647;
			files = (
				6611C9912AEBF437007DC3C1 /* MoviesListViewController.storyboard in Resources */,
				665506A62AEA476200C2D082 /* Localizable.xcstrings in Resources */,
				669DABD52AE6574D00EAEBFD /* LaunchScreen.storyboard in Resources */,
				669DABD22AE6574D00EAEBFD /* Assets.xcassets in Resources */,
			);
			runOnlyForDeploymentPostprocessing = 0;
		};
		669DABD92AE6574D00EAEBFD /* Resources */ = {
			isa = PBXResourcesBuildPhase;
			buildActionMask = 2147483647;
			files = (
			);
			runOnlyForDeploymentPostprocessing = 0;
		};
		669DABE32AE6574D00EAEBFD /* Resources */ = {
			isa = PBXResourcesBuildPhase;
			buildActionMask = 2147483647;
			files = (
			);
			runOnlyForDeploymentPostprocessing = 0;
		};
/* End PBXResourcesBuildPhase section */

/* Begin PBXSourcesBuildPhase section */
		669DABC12AE6574C00EAEBFD /* Sources */ = {
			isa = PBXSourcesBuildPhase;
			buildActionMask = 2147483647;
			files = (
				6655069B2AEA42C700C2D082 /* AppDIContainer.swift in Sources */,
				665506982AEA427800C2D082 /* AppFlowCoordinator.swift in Sources */,
				6611C9822AEBEBEB007DC3C1 /* String.swift in Sources */,
				6655068C2AEA0B0900C2D082 /* MoviesListViewController.swift in Sources */,
				665506B22AEA550300C2D082 /* StoryboardInstantiable.swift in Sources */,
				665506AE2AEA53B800C2D082 /* MoviesSceneDIContainer.swift in Sources */,
				665506A12AEA455700C2D082 /* DataTransferService.swift in Sources */,
				665506A32AEA460600C2D082 /* NetworkService.swift in Sources */,
				665506AC2AEA524200C2D082 /* MoviesListTableViewController.swift in Sources */,
				665506612AE65DBD00C2D082 /* MoviesQueriesRepository.swift in Sources */,
				665506932AEA396A00C2D082 /* ModelListItemViewModel.swift in Sources */,
				6655069D2AEA42F600C2D082 /* AppConfiguration.swift in Sources */,
				6655065F2AE65DA300C2D082 /* MoviesRepository.swift in Sources */,
				669DABC92AE6574C00EAEBFD /* AppDelegate.swift in Sources */,
				669DABFB2AE6577900EAEBFD /* SearchMoviesUseCase.swift in Sources */,
				665506862AEA04DE00C2D082 /* UseCase.swift in Sources */,
				6611C9842AEBEECC007DC3C1 /* MoviesListItemCell.swift in Sources */,
				6655068E2AEA0BAD00C2D082 /* MoviesListViewModel.swift in Sources */,
				669DABFE2AE6584700EAEBFD /* Movie.swift in Sources */,
				669DAC002AE658F200EAEBFD /* MovieQuery.swift in Sources */,
				6611C9862AEBF109007DC3C1 /* XIBLocalizable.swift in Sources */,
				665506A82AEA4E8900C2D082 /* MoviesSearchFlowCoordinator.swift in Sources */,
			);
			runOnlyForDeploymentPostprocessing = 0;
		};
		669DABD72AE6574D00EAEBFD /* Sources */ = {
			isa = PBXSourcesBuildPhase;
			buildActionMask = 2147483647;
			files = (
				669DABE02AE6574D00EAEBFD /* MoviesTests.swift in Sources */,
			);
			runOnlyForDeploymentPostprocessing = 0;
		};
		669DABE12AE6574D00EAEBFD /* Sources */ = {
			isa = PBXSourcesBuildPhase;
			buildActionMask = 2147483647;
			files = (
				669DABEA2AE6574D00EAEBFD /* MoviesUITests.swift in Sources */,
				669DABEC2AE6574D00EAEBFD /* MoviesUITestsLaunchTests.swift in Sources */,
			);
			runOnlyForDeploymentPostprocessing = 0;
		};
/* End PBXSourcesBuildPhase section */

/* Begin PBXTargetDependency section */
		669DABDD2AE6574D00EAEBFD /* PBXTargetDependency */ = {
			isa = PBXTargetDependency;
			target = 669DABC42AE6574C00EAEBFD /* Movies */;
			targetProxy = 669DABDC2AE6574D00EAEBFD /* PBXContainerItemProxy */;
		};
		669DABE72AE6574D00EAEBFD /* PBXTargetDependency */ = {
			isa = PBXTargetDependency;
			target = 669DABC42AE6574C00EAEBFD /* Movies */;
			targetProxy = 669DABE62AE6574D00EAEBFD /* PBXContainerItemProxy */;
		};
/* End PBXTargetDependency section */

/* Begin PBXVariantGroup section */
		669DABD32AE6574D00EAEBFD /* LaunchScreen.storyboard */ = {
			isa = PBXVariantGroup;
			children = (
				669DABD42AE6574D00EAEBFD /* Base */,
			);
			name = LaunchScreen.storyboard;
			sourceTree = "<group>";
		};
/* End PBXVariantGroup section */

/* Begin XCBuildConfiguration section */
		669DABED2AE6574D00EAEBFD /* Debug */ = {
			isa = XCBuildConfiguration;
			buildSettings = {
				ALWAYS_SEARCH_USER_PATHS = NO;
				ASSETCATALOG_COMPILER_GENERATE_SWIFT_ASSET_SYMBOL_EXTENSIONS = YES;
				CLANG_ANALYZER_NONNULL = YES;
				CLANG_ANALYZER_NUMBER_OBJECT_CONVERSION = YES_AGGRESSIVE;
				CLANG_CXX_LANGUAGE_STANDARD = "gnu++20";
				CLANG_ENABLE_MODULES = YES;
				CLANG_ENABLE_OBJC_ARC = YES;
				CLANG_ENABLE_OBJC_WEAK = YES;
				CLANG_WARN_BLOCK_CAPTURE_AUTORELEASING = YES;
				CLANG_WARN_BOOL_CONVERSION = YES;
				CLANG_WARN_COMMA = YES;
				CLANG_WARN_CONSTANT_CONVERSION = YES;
				CLANG_WARN_DEPRECATED_OBJC_IMPLEMENTATIONS = YES;
				CLANG_WARN_DIRECT_OBJC_ISA_USAGE = YES_ERROR;
				CLANG_WARN_DOCUMENTATION_COMMENTS = YES;
				CLANG_WARN_EMPTY_BODY = YES;
				CLANG_WARN_ENUM_CONVERSION = YES;
				CLANG_WARN_INFINITE_RECURSION = YES;
				CLANG_WARN_INT_CONVERSION = YES;
				CLANG_WARN_NON_LITERAL_NULL_CONVERSION = YES;
				CLANG_WARN_OBJC_IMPLICIT_RETAIN_SELF = YES;
				CLANG_WARN_OBJC_LITERAL_CONVERSION = YES;
				CLANG_WARN_OBJC_ROOT_CLASS = YES_ERROR;
				CLANG_WARN_QUOTED_INCLUDE_IN_FRAMEWORK_HEADER = YES;
				CLANG_WARN_RANGE_LOOP_ANALYSIS = YES;
				CLANG_WARN_STRICT_PROTOTYPES = YES;
				CLANG_WARN_SUSPICIOUS_MOVE = YES;
				CLANG_WARN_UNGUARDED_AVAILABILITY = YES_AGGRESSIVE;
				CLANG_WARN_UNREACHABLE_CODE = YES;
				CLANG_WARN__DUPLICATE_METHOD_MATCH = YES;
				COPY_PHASE_STRIP = NO;
				DEBUG_INFORMATION_FORMAT = dwarf;
				ENABLE_STRICT_OBJC_MSGSEND = YES;
				ENABLE_TESTABILITY = YES;
				ENABLE_USER_SCRIPT_SANDBOXING = YES;
				GCC_C_LANGUAGE_STANDARD = gnu17;
				GCC_DYNAMIC_NO_PIC = NO;
				GCC_NO_COMMON_BLOCKS = YES;
				GCC_OPTIMIZATION_LEVEL = 0;
				GCC_PREPROCESSOR_DEFINITIONS = (
					"DEBUG=1",
					"$(inherited)",
				);
				GCC_WARN_64_TO_32_BIT_CONVERSION = YES;
				GCC_WARN_ABOUT_RETURN_TYPE = YES_ERROR;
				GCC_WARN_UNDECLARED_SELECTOR = YES;
				GCC_WARN_UNINITIALIZED_AUTOS = YES_AGGRESSIVE;
				GCC_WARN_UNUSED_FUNCTION = YES;
				GCC_WARN_UNUSED_VARIABLE = YES;
				IPHONEOS_DEPLOYMENT_TARGET = 17.0;
				LOCALIZATION_PREFERS_STRING_CATALOGS = YES;
				MTL_ENABLE_DEBUG_INFO = INCLUDE_SOURCE;
				MTL_FAST_MATH = YES;
				ONLY_ACTIVE_ARCH = YES;
				SDKROOT = iphoneos;
				SWIFT_ACTIVE_COMPILATION_CONDITIONS = "DEBUG $(inherited)";
				SWIFT_OPTIMIZATION_LEVEL = "-Onone";
			};
			name = Debug;
		};
		669DABEE2AE6574D00EAEBFD /* Release */ = {
			isa = XCBuildConfiguration;
			buildSettings = {
				ALWAYS_SEARCH_USER_PATHS = NO;
				ASSETCATALOG_COMPILER_GENERATE_SWIFT_ASSET_SYMBOL_EXTENSIONS = YES;
				CLANG_ANALYZER_NONNULL = YES;
				CLANG_ANALYZER_NUMBER_OBJECT_CONVERSION = YES_AGGRESSIVE;
				CLANG_CXX_LANGUAGE_STANDARD = "gnu++20";
				CLANG_ENABLE_MODULES = YES;
				CLANG_ENABLE_OBJC_ARC = YES;
				CLANG_ENABLE_OBJC_WEAK = YES;
				CLANG_WARN_BLOCK_CAPTURE_AUTORELEASING = YES;
				CLANG_WARN_BOOL_CONVERSION = YES;
				CLANG_WARN_COMMA = YES;
				CLANG_WARN_CONSTANT_CONVERSION = YES;
				CLANG_WARN_DEPRECATED_OBJC_IMPLEMENTATIONS = YES;
				CLANG_WARN_DIRECT_OBJC_ISA_USAGE = YES_ERROR;
				CLANG_WARN_DOCUMENTATION_COMMENTS = YES;
				CLANG_WARN_EMPTY_BODY = YES;
				CLANG_WARN_ENUM_CONVERSION = YES;
				CLANG_WARN_INFINITE_RECURSION = YES;
				CLANG_WARN_INT_CONVERSION = YES;
				CLANG_WARN_NON_LITERAL_NULL_CONVERSION = YES;
				CLANG_WARN_OBJC_IMPLICIT_RETAIN_SELF = YES;
				CLANG_WARN_OBJC_LITERAL_CONVERSION = YES;
				CLANG_WARN_OBJC_ROOT_CLASS = YES_ERROR;
				CLANG_WARN_QUOTED_INCLUDE_IN_FRAMEWORK_HEADER = YES;
				CLANG_WARN_RANGE_LOOP_ANALYSIS = YES;
				CLANG_WARN_STRICT_PROTOTYPES = YES;
				CLANG_WARN_SUSPICIOUS_MOVE = YES;
				CLANG_WARN_UNGUARDED_AVAILABILITY = YES_AGGRESSIVE;
				CLANG_WARN_UNREACHABLE_CODE = YES;
				CLANG_WARN__DUPLICATE_METHOD_MATCH = YES;
				COPY_PHASE_STRIP = NO;
				DEBUG_INFORMATION_FORMAT = "dwarf-with-dsym";
				ENABLE_NS_ASSERTIONS = NO;
				ENABLE_STRICT_OBJC_MSGSEND = YES;
				ENABLE_USER_SCRIPT_SANDBOXING = YES;
				GCC_C_LANGUAGE_STANDARD = gnu17;
				GCC_NO_COMMON_BLOCKS = YES;
				GCC_WARN_64_TO_32_BIT_CONVERSION = YES;
				GCC_WARN_ABOUT_RETURN_TYPE = YES_ERROR;
				GCC_WARN_UNDECLARED_SELECTOR = YES;
				GCC_WARN_UNINITIALIZED_AUTOS = YES_AGGRESSIVE;
				GCC_WARN_UNUSED_FUNCTION = YES;
				GCC_WARN_UNUSED_VARIABLE = YES;
				IPHONEOS_DEPLOYMENT_TARGET = 17.0;
				LOCALIZATION_PREFERS_STRING_CATALOGS = YES;
				MTL_ENABLE_DEBUG_INFO = NO;
				MTL_FAST_MATH = YES;
				SDKROOT = iphoneos;
				SWIFT_COMPILATION_MODE = wholemodule;
				VALIDATE_PRODUCT = YES;
			};
			name = Release;
		};
		669DABF02AE6574D00EAEBFD /* Debug */ = {
			isa = XCBuildConfiguration;
			buildSettings = {
				ASSETCATALOG_COMPILER_APPICON_NAME = AppIcon;
				ASSETCATALOG_COMPILER_GLOBAL_ACCENT_COLOR_NAME = AccentColor;
				CODE_SIGN_STYLE = Automatic;
				CURRENT_PROJECT_VERSION = 1;
				DEVELOPMENT_TEAM = W97G28RHLW;
				GENERATE_INFOPLIST_FILE = YES;
				INFOPLIST_FILE = Movies/Resources/Info.plist;
				INFOPLIST_KEY_UIApplicationSupportsIndirectInputEvents = YES;
				INFOPLIST_KEY_UILaunchStoryboardName = LaunchScreen;
				INFOPLIST_KEY_UISupportedInterfaceOrientations_iPad = "UIInterfaceOrientationPortrait UIInterfaceOrientationPortraitUpsideDown UIInterfaceOrientationLandscapeLeft UIInterfaceOrientationLandscapeRight";
				INFOPLIST_KEY_UISupportedInterfaceOrientations_iPhone = "UIInterfaceOrientationPortrait UIInterfaceOrientationLandscapeLeft UIInterfaceOrientationLandscapeRight";
				IPHONEOS_DEPLOYMENT_TARGET = 15.0;
				LD_RUNPATH_SEARCH_PATHS = (
					"$(inherited)",
					"@executable_path/Frameworks",
				);
				MARKETING_VERSION = 1.0;
				PRODUCT_BUNDLE_IDENTIFIER = com.Movies;
				PRODUCT_NAME = "$(TARGET_NAME)";
				SWIFT_EMIT_LOC_STRINGS = YES;
				SWIFT_VERSION = 5.0;
				TARGETED_DEVICE_FAMILY = "1,2";
			};
			name = Debug;
		};
		669DABF12AE6574D00EAEBFD /* Release */ = {
			isa = XCBuildConfiguration;
			buildSettings = {
				ASSETCATALOG_COMPILER_APPICON_NAME = AppIcon;
				ASSETCATALOG_COMPILER_GLOBAL_ACCENT_COLOR_NAME = AccentColor;
				CODE_SIGN_STYLE = Automatic;
				CURRENT_PROJECT_VERSION = 1;
				DEVELOPMENT_TEAM = W97G28RHLW;
				GENERATE_INFOPLIST_FILE = YES;
				INFOPLIST_FILE = Movies/Resources/Info.plist;
				INFOPLIST_KEY_UIApplicationSupportsIndirectInputEvents = YES;
				INFOPLIST_KEY_UILaunchStoryboardName = LaunchScreen;
				INFOPLIST_KEY_UISupportedInterfaceOrientations_iPad = "UIInterfaceOrientationPortrait UIInterfaceOrientationPortraitUpsideDown UIInterfaceOrientationLandscapeLeft UIInterfaceOrientationLandscapeRight";
				INFOPLIST_KEY_UISupportedInterfaceOrientations_iPhone = "UIInterfaceOrientationPortrait UIInterfaceOrientationLandscapeLeft UIInterfaceOrientationLandscapeRight";
				IPHONEOS_DEPLOYMENT_TARGET = 15.0;
				LD_RUNPATH_SEARCH_PATHS = (
					"$(inherited)",
					"@executable_path/Frameworks",
				);
				MARKETING_VERSION = 1.0;
				PRODUCT_BUNDLE_IDENTIFIER = com.Movies;
				PRODUCT_NAME = "$(TARGET_NAME)";
				SWIFT_EMIT_LOC_STRINGS = YES;
				SWIFT_VERSION = 5.0;
				TARGETED_DEVICE_FAMILY = "1,2";
			};
			name = Release;
		};
		669DABF32AE6574D00EAEBFD /* Debug */ = {
			isa = XCBuildConfiguration;
			buildSettings = {
				ALWAYS_EMBED_SWIFT_STANDARD_LIBRARIES = YES;
				BUNDLE_LOADER = "$(TEST_HOST)";
				CODE_SIGN_STYLE = Automatic;
				CURRENT_PROJECT_VERSION = 1;
				DEVELOPMENT_TEAM = W97G28RHLW;
				GENERATE_INFOPLIST_FILE = YES;
				IPHONEOS_DEPLOYMENT_TARGET = 17.0;
				MARKETING_VERSION = 1.0;
				PRODUCT_BUNDLE_IDENTIFIER = com.MoviesTests;
				PRODUCT_NAME = "$(TARGET_NAME)";
				SWIFT_EMIT_LOC_STRINGS = NO;
				SWIFT_VERSION = 5.0;
				TARGETED_DEVICE_FAMILY = "1,2";
				TEST_HOST = "$(BUILT_PRODUCTS_DIR)/Movies.app/$(BUNDLE_EXECUTABLE_FOLDER_PATH)/Movies";
			};
			name = Debug;
		};
		669DABF42AE6574D00EAEBFD /* Release */ = {
			isa = XCBuildConfiguration;
			buildSettings = {
				ALWAYS_EMBED_SWIFT_STANDARD_LIBRARIES = YES;
				BUNDLE_LOADER = "$(TEST_HOST)";
				CODE_SIGN_STYLE = Automatic;
				CURRENT_PROJECT_VERSION = 1;
				DEVELOPMENT_TEAM = W97G28RHLW;
				GENERATE_INFOPLIST_FILE = YES;
				IPHONEOS_DEPLOYMENT_TARGET = 17.0;
				MARKETING_VERSION = 1.0;
				PRODUCT_BUNDLE_IDENTIFIER = com.MoviesTests;
				PRODUCT_NAME = "$(TARGET_NAME)";
				SWIFT_EMIT_LOC_STRINGS = NO;
				SWIFT_VERSION = 5.0;
				TARGETED_DEVICE_FAMILY = "1,2";
				TEST_HOST = "$(BUILT_PRODUCTS_DIR)/Movies.app/$(BUNDLE_EXECUTABLE_FOLDER_PATH)/Movies";
			};
			name = Release;
		};
		669DABF62AE6574D00EAEBFD /* Debug */ = {
			isa = XCBuildConfiguration;
			buildSettings = {
				ALWAYS_EMBED_SWIFT_STANDARD_LIBRARIES = YES;
				CODE_SIGN_STYLE = Automatic;
				CURRENT_PROJECT_VERSION = 1;
				DEVELOPMENT_TEAM = W97G28RHLW;
				GENERATE_INFOPLIST_FILE = YES;
				MARKETING_VERSION = 1.0;
				PRODUCT_BUNDLE_IDENTIFIER = com.MoviesUITests;
				PRODUCT_NAME = "$(TARGET_NAME)";
				SWIFT_EMIT_LOC_STRINGS = NO;
				SWIFT_VERSION = 5.0;
				TARGETED_DEVICE_FAMILY = "1,2";
				TEST_TARGET_NAME = Movies;
			};
			name = Debug;
		};
		669DABF72AE6574D00EAEBFD /* Release */ = {
			isa = XCBuildConfiguration;
			buildSettings = {
				ALWAYS_EMBED_SWIFT_STANDARD_LIBRARIES = YES;
				CODE_SIGN_STYLE = Automatic;
				CURRENT_PROJECT_VERSION = 1;
				DEVELOPMENT_TEAM = W97G28RHLW;
				GENERATE_INFOPLIST_FILE = YES;
				MARKETING_VERSION = 1.0;
				PRODUCT_BUNDLE_IDENTIFIER = com.MoviesUITests;
				PRODUCT_NAME = "$(TARGET_NAME)";
				SWIFT_EMIT_LOC_STRINGS = NO;
				SWIFT_VERSION = 5.0;
				TARGETED_DEVICE_FAMILY = "1,2";
				TEST_TARGET_NAME = Movies;
			};
			name = Release;
		};
/* End XCBuildConfiguration section */

/* Begin XCConfigurationList section */
		669DABC02AE6574C00EAEBFD /* Build configuration list for PBXProject "Movies" */ = {
			isa = XCConfigurationList;
			buildConfigurations = (
				669DABED2AE6574D00EAEBFD /* Debug */,
				669DABEE2AE6574D00EAEBFD /* Release */,
			);
			defaultConfigurationIsVisible = 0;
			defaultConfigurationName = Release;
		};
		669DABEF2AE6574D00EAEBFD /* Build configuration list for PBXNativeTarget "Movies" */ = {
			isa = XCConfigurationList;
			buildConfigurations = (
				669DABF02AE6574D00EAEBFD /* Debug */,
				669DABF12AE6574D00EAEBFD /* Release */,
			);
			defaultConfigurationIsVisible = 0;
			defaultConfigurationName = Release;
		};
		669DABF22AE6574D00EAEBFD /* Build configuration list for PBXNativeTarget "MoviesTests" */ = {
			isa = XCConfigurationList;
			buildConfigurations = (
				669DABF32AE6574D00EAEBFD /* Debug */,
				669DABF42AE6574D00EAEBFD /* Release */,
			);
			defaultConfigurationIsVisible = 0;
			defaultConfigurationName = Release;
		};
		669DABF52AE6574D00EAEBFD /* Build configuration list for PBXNativeTarget "MoviesUITests" */ = {
			isa = XCConfigurationList;
			buildConfigurations = (
				669DABF62AE6574D00EAEBFD /* Debug */,
				669DABF72AE6574D00EAEBFD /* Release */,
			);
			defaultConfigurationIsVisible = 0;
			defaultConfigurationName = Release;
		};
/* End XCConfigurationList section */
	};
	rootObject = 669DABBD2AE6574C00EAEBFD /* Project object */;
}
